
Microsoft Visual Studio Solution File, Format Version 12.00
# Visual Studio Version 17
VisualStudioVersion = 17.4.33213.308
MinimumVisualStudioVersion = 10.0.40219.1
Project("{FAE04EC0-301F-11D3-BF4B-00C04F79EFBC}") = "YHLQMDLG", "YHLQMDLG\YHLQMDLG.csproj", "{2D746477-DFD4-427E-B797-B9566295928F}"
EndProject
Global
	GlobalSection(SolutionConfigurationPlatforms) = preSolution
		Debug|Any CPU = Debug|Any CPU
		Release|Any CPU = Release|Any CPU
	EndGlobalSection
	GlobalSection(ProjectConfigurationPlatforms) = postSolution
		{2D746477-DFD4-427E-B797-B9566295928F}.Debug|Any CPU.ActiveCfg = Debug|Any CPU
		{2D746477-DFD4-427E-B797-B9566295928F}.Debug|Any CPU.Build.0 = Debug|Any CPU
		{2D746477-DFD4-427E-B797-B9566295928F}.Release|Any CPU.ActiveCfg = Release|Any CPU
		{2D746477-DFD4-427E-B797-B9566295928F}.Release|Any CPU.Build.0 = Release|Any CPU
	EndGlobalSection
	GlobalSection(SolutionProperties) = preSolution
		HideSolutionNode = FALSE
	EndGlobalSection
	GlobalSection(ExtensibilityGlobals) = postSolution
		SolutionGuid = {5B68AA16-883F-4196-8E1F-BAA39473FDCF}
	EndGlobalSection
EndGlobal
